// !$*UTF8*$!
{
	archiveVersion = 1;
	classes = {
	};
	objectVersion = 46;
	objects = {

/* Begin PBXBuildFile section */
		7AFC5B521EC74528005606B6 /* main.cpp in Sources */ = {isa = PBXBuildFile; fileRef = 7AFC5B511EC74528005606B6 /* main.cpp */; };
		7AFC5B5A1EC74ACD005606B6 /* Helper.cpp in Sources */ = {isa = PBXBuildFile; fileRef = 7AFC5B581EC74ACD005606B6 /* Helper.cpp */; };
		7AFC5B5D1EC74B83005606B6 /* Human.cpp in Sources */ = {isa = PBXBuildFile; fileRef = 7AFC5B5B1EC74B83005606B6 /* Human.cpp */; };
		7AFC5B601EC74CBF005606B6 /* Superhuman.cpp in Sources */ = {isa = PBXBuildFile; fileRef = 7AFC5B5E1EC74CBF005606B6 /* Superhuman.cpp */; };
		7AFC5B671EC74E03005606B6 /* SimpleLinked.cpp in Sources */ = {isa = PBXBuildFile; fileRef = 7AFC5B651EC74E03005606B6 /* SimpleLinked.cpp */; };
/* End PBXBuildFile section */

/* Begin PBXCopyFilesBuildPhase section */
		7AFC5B4C1EC74528005606B6 /* CopyFiles */ = {
			isa = PBXCopyFilesBuildPhase;
			buildActionMask = 2147483647;
			dstPath = /usr/share/man/man1/;
			dstSubfolderSpec = 0;
			files = (
			);
			runOnlyForDeploymentPostprocessing = 1;
		};
/* End PBXCopyFilesBuildPhase section */

/* Begin PBXFileReference section */
		7AFC5B4E1EC74528005606B6 /* OOP_in_Cpp */ = {isa = PBXFileReference; explicitFileType = "compiled.mach-o.executable"; includeInIndex = 0; path = OOP_in_Cpp; sourceTree = BUILT_PRODUCTS_DIR; };
		7AFC5B511EC74528005606B6 /* main.cpp */ = {isa = PBXFileReference; lastKnownFileType = sourcecode.cpp.cpp; path = main.cpp; sourceTree = "<group>"; };
		7AFC5B581EC74ACD005606B6 /* Helper.cpp */ = {isa = PBXFileReference; fileEncoding = 4; lastKnownFileType = sourcecode.cpp.cpp; path = Helper.cpp; sourceTree = "<group>"; };
		7AFC5B591EC74ACD005606B6 /* Helper.hpp */ = {isa = PBXFileReference; fileEncoding = 4; lastKnownFileType = sourcecode.cpp.h; path = Helper.hpp; sourceTree = "<group>"; };
		7AFC5B5B1EC74B83005606B6 /* Human.cpp */ = {isa = PBXFileReference; fileEncoding = 4; lastKnownFileType = sourcecode.cpp.cpp; path = Human.cpp; sourceTree = "<group>"; };
		7AFC5B5C1EC74B83005606B6 /* Human.hpp */ = {isa = PBXFileReference; fileEncoding = 4; lastKnownFileType = sourcecode.cpp.h; path = Human.hpp; sourceTree = "<group>"; };
		7AFC5B5E1EC74CBF005606B6 /* Superhuman.cpp */ = {isa = PBXFileReference; fileEncoding = 4; lastKnownFileType = sourcecode.cpp.cpp; path = Superhuman.cpp; sourceTree = "<group>"; };
		7AFC5B5F1EC74CBF005606B6 /* Superhuman.hpp */ = {isa = PBXFileReference; fileEncoding = 4; lastKnownFileType = sourcecode.cpp.h; path = Superhuman.hpp; sourceTree = "<group>"; };
		7AFC5B651EC74E03005606B6 /* SimpleLinked.cpp */ = {isa = PBXFileReference; fileEncoding = 4; lastKnownFileType = sourcecode.cpp.cpp; path = SimpleLinked.cpp; sourceTree = "<group>"; };
		7AFC5B661EC74E03005606B6 /* SimpleLinked.hpp */ = {isa = PBXFileReference; fileEncoding = 4; lastKnownFileType = sourcecode.cpp.h; path = SimpleLinked.hpp; sourceTree = "<group>"; };
/* End PBXFileReference section */

/* Begin PBXFrameworksBuildPhase section */
		7AFC5B4B1EC74528005606B6 /* Frameworks */ = {
			isa = PBXFrameworksBuildPhase;
			buildActionMask = 2147483647;
			files = (
			);
			runOnlyForDeploymentPostprocessing = 0;
		};
/* End PBXFrameworksBuildPhase section */

/* Begin PBXGroup section */
		7AFC5B451EC74528005606B6 = {
			isa = PBXGroup;
			children = (
				7AFC5B501EC74528005606B6 /* OOP_in_Cpp */,
				7AFC5B4F1EC74528005606B6 /* Products */,
			);
			sourceTree = "<group>";
		};
		7AFC5B4F1EC74528005606B6 /* Products */ = {
			isa = PBXGroup;
			children = (
				7AFC5B4E1EC74528005606B6 /* OOP_in_Cpp */,
			);
			name = Products;
			sourceTree = "<group>";
		};
		7AFC5B501EC74528005606B6 /* OOP_in_Cpp */ = {
			isa = PBXGroup;
			children = (
				7AFC5B511EC74528005606B6 /* main.cpp */,
				7AFC5B641EC74DE9005606B6 /* Liste */,
				7AFC5B611EC74D1C005606B6 /* HumanKind */,
			);
			path = OOP_in_Cpp;
			sourceTree = "<group>";
		};
		7AFC5B611EC74D1C005606B6 /* HumanKind */ = {
			isa = PBXGroup;
			children = (
				7AFC5B631EC74D34005606B6 /* Helpers */,
				7AFC5B621EC74D2C005606B6 /* Superhumans */,
				7AFC5B5B1EC74B83005606B6 /* Human.cpp */,
				7AFC5B5C1EC74B83005606B6 /* Human.hpp */,
			);
			name = HumanKind;
			sourceTree = "<group>";
		};
		7AFC5B621EC74D2C005606B6 /* Superhumans */ = {
			isa = PBXGroup;
			children = (
				7AFC5B5E1EC74CBF005606B6 /* Superhuman.cpp */,
				7AFC5B5F1EC74CBF005606B6 /* Superhuman.hpp */,
			);
			name = Superhumans;
			sourceTree = "<group>";
		};
		7AFC5B631EC74D34005606B6 /* Helpers */ = {
			isa = PBXGroup;
			children = (
				7AFC5B581EC74ACD005606B6 /* Helper.cpp */,
				7AFC5B591EC74ACD005606B6 /* Helper.hpp */,
			);
			name = Helpers;
			sourceTree = "<group>";
		};
		7AFC5B641EC74DE9005606B6 /* Liste */ = {
			isa = PBXGroup;
			children = (
				7AFC5B651EC74E03005606B6 /* SimpleLinked.cpp */,
				7AFC5B661EC74E03005606B6 /* SimpleLinked.hpp */,
			);
			name = Liste;
			sourceTree = "<group>";
		};
/* End PBXGroup section */

/* Begin PBXNativeTarget section */
		7AFC5B4D1EC74528005606B6 /* OOP_in_Cpp */ = {
			isa = PBXNativeTarget;
			buildConfigurationList = 7AFC5B551EC74528005606B6 /* Build configuration list for PBXNativeTarget "OOP_in_Cpp" */;
			buildPhases = (
				7AFC5B4A1EC74528005606B6 /* Sources */,
				7AFC5B4B1EC74528005606B6 /* Frameworks */,
				7AFC5B4C1EC74528005606B6 /* CopyFiles */,
			);
			buildRules = (
			);
			dependencies = (
			);
			name = OOP_in_Cpp;
			productName = OOP_in_Cpp;
			productReference = 7AFC5B4E1EC74528005606B6 /* OOP_in_Cpp */;
			productType = "com.apple.product-type.tool";
		};
/* End PBXNativeTarget section */

/* Begin PBXProject section */
		7AFC5B461EC74528005606B6 /* Project object */ = {
			isa = PBXProject;
			attributes = {
				LastUpgradeCheck = 0820;
				ORGANIZATIONNAME = "Marius Ilie";
				TargetAttributes = {
					7AFC5B4D1EC74528005606B6 = {
						CreatedOnToolsVersion = 8.2.1;
						DevelopmentTeam = 2S2RSVRNML;
						ProvisioningStyle = Automatic;
					};
				};
			};
			buildConfigurationList = 7AFC5B491EC74528005606B6 /* Build configuration list for PBXProject "OOP_in_Cpp" */;
			compatibilityVersion = "Xcode 3.2";
			developmentRegion = English;
			hasScannedForEncodings = 0;
			knownRegions = (
				en,
			);
			mainGroup = 7AFC5B451EC74528005606B6;
			productRefGroup = 7AFC5B4F1EC74528005606B6 /* Products */;
			projectDirPath = "";
			projectRoot = "";
			targets = (
				7AFC5B4D1EC74528005606B6 /* OOP_in_Cpp */,
			);
		};
/* End PBXProject section */

/* Begin PBXSourcesBuildPhase section */
		7AFC5B4A1EC74528005606B6 /* Sources */ = {
			isa = PBXSourcesBuildPhase;
			buildActionMask = 2147483647;
			files = (
				7AFC5B521EC74528005606B6 /* main.cpp in Sources */,
				7AFC5B5A1EC74ACD005606B6 /* Helper.cpp in Sources */,
				7AFC5B671EC74E03005606B6 /* SimpleLinked.cpp in Sources */,
				7AFC5B5D1EC74B83005606B6 /* Human.cpp in Sources */,
				7AFC5B601EC74CBF005606B6 /* Superhuman.cpp in Sources */,
			);
			runOnlyForDeploymentPostprocessing = 0;
		};
/* End PBXSourcesBuildPhase section */

/* Begin XCBuildConfiguration section */
		7AFC5B531EC74528005606B6 /* Debug */ = {
			isa = XCBuildConfiguration;
			buildSettings = {
				ALWAYS_SEARCH_USER_PATHS = NO;
				CLANG_ANALYZER_NONNULL = YES;
				CLANG_CXX_LANGUAGE_STANDARD = "gnu++0x";
				CLANG_CXX_LIBRARY = "libc++";
				CLANG_ENABLE_MODULES = YES;
				CLANG_ENABLE_OBJC_ARC = YES;
				CLANG_WARN_BOOL_CONVERSION = YES;
				CLANG_WARN_CONSTANT_CONVERSION = YES;
				CLANG_WARN_DIRECT_OBJC_ISA_USAGE = YES_ERROR;
				CLANG_WARN_DOCUMENTATION_COMMENTS = YES;
				CLANG_WARN_EMPTY_BODY = YES;
				CLANG_WARN_ENUM_CONVERSION = YES;
				CLANG_WARN_INFINITE_RECURSION = YES;
				CLANG_WARN_INT_CONVERSION = YES;
				CLANG_WARN_OBJC_ROOT_CLASS = YES_ERROR;
				CLANG_WARN_SUSPICIOUS_MOVE = YES;
				CLANG_WARN_UNREACHABLE_CODE = YES;
				CLANG_WARN__DUPLICATE_METHOD_MATCH = YES;
				CODE_SIGN_IDENTITY = "-";
				COPY_PHASE_STRIP = NO;
				DEBUG_INFORMATION_FORMAT = dwarf;
				ENABLE_STRICT_OBJC_MSGSEND = YES;
				ENABLE_TESTABILITY = YES;
				GCC_C_LANGUAGE_STANDARD = gnu99;
				GCC_DYNAMIC_NO_PIC = NO;
				GCC_NO_COMMON_BLOCKS = YES;
				GCC_OPTIMIZATION_LEVEL = 0;
				GCC_PREPROCESSOR_DEFINITIONS = (
					"DEBUG=1",
					"$(inherited)",
				);
				GCC_WARN_64_TO_32_BIT_CONVERSION = YES;
				GCC_WARN_ABOUT_RETURN_TYPE = YES_ERROR;
				GCC_WARN_UNDECLARED_SELECTOR = YES;
				GCC_WARN_UNINITIALIZED_AUTOS = YES_AGGRESSIVE;
				GCC_WARN_UNUSED_FUNCTION = YES;
				GCC_WARN_UNUSED_VARIABLE = YES;
				MACOSX_DEPLOYMENT_TARGET = 10.11;
				MTL_ENABLE_DEBUG_INFO = YES;
				ONLY_ACTIVE_ARCH = YES;
				SDKROOT = macosx;
			};
			name = Debug;
		};
		7AFC5B541EC74528005606B6 /* Release */ = {
			isa = XCBuildConfiguration;
			buildSettings = {
				ALWAYS_SEARCH_USER_PATHS = NO;
				CLANG_ANALYZER_NONNULL = YES;
				CLANG_CXX_LANGUAGE_STANDARD = "gnu++0x";
				CLANG_CXX_LIBRARY = "libc++";
				CLANG_ENABLE_MODULES = YES;
				CLANG_ENABLE_OBJC_ARC = YES;
				CLANG_WARN_BOOL_CONVERSION = YES;
				CLANG_WARN_CONSTANT_CONVERSION = YES;
				CLANG_WARN_DIRECT_OBJC_ISA_USAGE = YES_ERROR;
				CLANG_WARN_DOCUMENTATION_COMMENTS = YES;
				CLANG_WARN_EMPTY_BODY = YES;
				CLANG_WARN_ENUM_CONVERSION = YES;
				CLANG_WARN_INFINITE_RECURSION = YES;
				CLANG_WARN_INT_CONVERSION = YES;
				CLANG_WARN_OBJC_ROOT_CLASS = YES_ERROR;
				CLANG_WARN_SUSPICIOUS_MOVE = YES;
				CLANG_WARN_UNREACHABLE_CODE = YES;
				CLANG_WARN__DUPLICATE_METHOD_MATCH = YES;
				CODE_SIGN_IDENTITY = "-";
				COPY_PHASE_STRIP = NO;
				DEBUG_INFORMATION_FORMAT = "dwarf-with-dsym";
				ENABLE_NS_ASSERTIONS = NO;
				ENABLE_STRICT_OBJC_MSGSEND = YES;
				GCC_C_LANGUAGE_STANDARD = gnu99;
				GCC_NO_COMMON_BLOCKS = YES;
				GCC_WARN_64_TO_32_BIT_CONVERSION = YES;
				GCC_WARN_ABOUT_RETURN_TYPE = YES_ERROR;
				GCC_WARN_UNDECLARED_SELECTOR = YES;
				GCC_WARN_UNINITIALIZED_AUTOS = YES_AGGRESSIVE;
				GCC_WARN_UNUSED_FUNCTION = YES;
				GCC_WARN_UNUSED_VARIABLE = YES;
				MACOSX_DEPLOYMENT_TARGET = 10.11;
				MTL_ENABLE_DEBUG_INFO = NO;
				SDKROOT = macosx;
			};
			name = Release;
		};
		7AFC5B561EC74528005606B6 /* Debug */ = {
			isa = XCBuildConfiguration;
			buildSettings = {
				DEVELOPMENT_TEAM = 2S2RSVRNML;
				PRODUCT_NAME = "$(TARGET_NAME)";
			};
			name = Debug;
		};
		7AFC5B571EC74528005606B6 /* Release */ = {
			isa = XCBuildConfiguration;
			buildSettings = {
				DEVELOPMENT_TEAM = 2S2RSVRNML;
				PRODUCT_NAME = "$(TARGET_NAME)";
			};
			name = Release;
		};
/* End XCBuildConfiguration section */

/* Begin XCConfigurationList section */
		7AFC5B491EC74528005606B6 /* Build configuration list for PBXProject "OOP_in_Cpp" */ = {
			isa = XCConfigurationList;
			buildConfigurations = (
				7AFC5B531EC74528005606B6 /* Debug */,
				7AFC5B541EC74528005606B6 /* Release */,
			);
			defaultConfigurationIsVisible = 0;
			defaultConfigurationName = Release;
		};
		7AFC5B551EC74528005606B6 /* Build configuration list for PBXNativeTarget "OOP_in_Cpp" */ = {
			isa = XCConfigurationList;
			buildConfigurations = (
				7AFC5B561EC74528005606B6 /* Debug */,
				7AFC5B571EC74528005606B6 /* Release */,
			);
			defaultConfigurationIsVisible = 0;
		};
/* End XCConfigurationList section */
	};
	rootObject = 7AFC5B461EC74528005606B6 /* Project object */;
}
